
Microsoft Visual Studio Solution File, Format Version 12.00
# Visual Studio Version 17
VisualStudioVersion = 17.3.32825.248
MinimumVisualStudioVersion = 10.0.40219.1
Project("{FAE04EC0-301F-11D3-BF4B-00C04F79EFBC}") = "kord", "kord.csproj", "{7334D9D8-427E-4F01-A371-5E4DA1A3D56A}"
EndProject
Global
	GlobalSection(SolutionConfigurationPlatforms) = preSolution
		Debug|Any CPU = Debug|Any CPU
		Release|Any CPU = Release|Any CPU
	EndGlobalSection
	GlobalSection(ProjectConfigurationPlatforms) = postSolution
		{7334D9D8-427E-4F01-A371-5E4DA1A3D56A}.Debug|Any CPU.ActiveCfg = Debug|Any CPU
		{7334D9D8-427E-4F01-A371-5E4DA1A3D56A}.Debug|Any CPU.Build.0 = Debug|Any CPU
		{7334D9D8-427E-4F01-A371-5E4DA1A3D56A}.Release|Any CPU.ActiveCfg = Release|Any CPU
		{7334D9D8-427E-4F01-A371-5E4DA1A3D56A}.Release|Any CPU.Build.0 = Release|Any CPU
	EndGlobalSection
	GlobalSection(SolutionProperties) = preSolution
		HideSolutionNode = FALSE
	EndGlobalSection
	GlobalSection(ExtensibilityGlobals) = postSolution
		SolutionGuid = {F0653554-FDE9-46DB-8AED-7A0AF01BD6C9}
	EndGlobalSection
EndGlobal
